lockfileVersion: 5.3

importers:

  .:
    specifiers:
      '@fighting-design/components': workspace:*
      '@fighting-design/theme-style': workspace:*
      '@vitejs/plugin-vue': ^2.3.1
      sass: ^1.50.1
      typescript: ^4.5.4
      vite: ^2.9.5
      vue: ^3.2.33
      vue-tsc: ^0.34.7
    dependencies:
      '@fighting-design/components': link:packages/conponents
      '@fighting-design/theme-style': link:packages/theme-style
      '@vitejs/plugin-vue': 2.3.1_vite@2.9.5+vue@3.2.33
      sass: 1.50.1
      typescript: 4.6.3
      vite: 2.9.5_sass@1.50.1
      vue: 3.2.33
      vue-tsc: 0.34.10_typescript@4.6.3

  docs:
    specifiers:
      vitepress: 0.22.3
    dependencies:
      vitepress: 0.22.3_sass@1.50.1

  packages/conponents:
    specifiers: {}

  packages/fighting-design:
    specifiers: {}

  packages/theme-style:
    specifiers: {}

packages:

  /@algolia/autocomplete-core/1.5.2:
    resolution: {integrity: sha512-DY0bhyczFSS1b/CqJlTE/nQRtnTAHl6IemIkBy0nEWnhDzRDdtdx4p5Uuk3vwAFxwEEgi1WqKwgSSMx6DpNL4A==}
    dependencies:
      '@algolia/autocomplete-shared': 1.5.2
    dev: false

  /@algolia/autocomplete-preset-algolia/1.5.2_algoliasearch@4.13.0:
    resolution: {integrity: sha512-3MRYnYQFJyovANzSX2CToS6/5cfVjbLLqFsZTKcvF3abhQzxbqwwaMBlJtt620uBUOeMzhdfasKhCc40+RHiZw==}
    peerDependencies:
      '@algolia/client-search': ^4.9.1
      algoliasearch: ^4.9.1
    dependencies:
      '@algolia/autocomplete-shared': 1.5.2
      algoliasearch: 4.13.0
    dev: false

  /@algolia/autocomplete-shared/1.5.2:
    resolution: {integrity: sha512-ylQAYv5H0YKMfHgVWX0j0NmL8XBcAeeeVQUmppnnMtzDbDnca6CzhKj3Q8eF9cHCgcdTDdb5K+3aKyGWA0obug==}
    dev: false

  /@algolia/cache-browser-local-storage/4.13.0:
    resolution: {integrity: sha512-nj1vHRZauTqP/bluwkRIgEADEimqojJgoTRCel5f6q8WCa9Y8QeI4bpDQP28FoeKnDRYa3J5CauDlN466jqRhg==}
    dependencies:
      '@algolia/cache-common': 4.13.0
    dev: false

  /@algolia/cache-common/4.13.0:
    resolution: {integrity: sha512-f9mdZjskCui/dA/fA/5a+6hZ7xnHaaZI5tM/Rw9X8rRB39SUlF/+o3P47onZ33n/AwkpSbi5QOyhs16wHd55kA==}
    dev: false

  /@algolia/cache-in-memory/4.13.0:
    resolution: {integrity: sha512-hHdc+ahPiMM92CQMljmObE75laYzNFYLrNOu0Q3/eyvubZZRtY2SUsEEgyUEyzXruNdzrkcDxFYa7YpWBJYHAg==}
    dependencies:
      '@algolia/cache-common': 4.13.0
    dev: false

  /@algolia/client-account/4.13.0:
    resolution: {integrity: sha512-FzFqFt9b0g/LKszBDoEsW+dVBuUe1K3scp2Yf7q6pgHWM1WqyqUlARwVpLxqyc+LoyJkTxQftOKjyFUqddnPKA==}
    dependencies:
      '@algolia/client-common': 4.13.0
      '@algolia/client-search': 4.13.0
      '@algolia/transporter': 4.13.0
    dev: false

  /@algolia/client-analytics/4.13.0:
    resolution: {integrity: sha512-klmnoq2FIiiMHImkzOm+cGxqRLLu9CMHqFhbgSy9wtXZrqb8BBUIUE2VyBe7azzv1wKcxZV2RUyNOMpFqmnRZA==}
    dependencies:
      '@algolia/client-common': 4.13.0
      '@algolia/client-search': 4.13.0
      '@algolia/requester-common': 4.13.0
      '@algolia/transporter': 4.13.0
    dev: false

  /@algolia/client-common/4.13.0:
    resolution: {integrity: sha512-GoXfTp0kVcbgfSXOjfrxx+slSipMqGO9WnNWgeMmru5Ra09MDjrcdunsiiuzF0wua6INbIpBQFTC2Mi5lUNqGA==}
    dependencies:
      '@algolia/requester-common': 4.13.0
      '@algolia/transporter': 4.13.0
    dev: false

  /@algolia/client-personalization/4.13.0:
    resolution: {integrity: sha512-KneLz2WaehJmNfdr5yt2HQETpLaCYagRdWwIwkTqRVFCv4DxRQ2ChPVW9jeTj4YfAAhfzE6F8hn7wkQ/Jfj6ZA==}
    dependencies:
      '@algolia/client-common': 4.13.0
      '@algolia/requester-common': 4.13.0
      '@algolia/transporter': 4.13.0
    dev: false

  /@algolia/client-search/4.13.0:
    resolution: {integrity: sha512-blgCKYbZh1NgJWzeGf+caKE32mo3j54NprOf0LZVCubQb3Kx37tk1Hc8SDs9bCAE8hUvf3cazMPIg7wscSxspA==}
    dependencies:
      '@algolia/client-common': 4.13.0
      '@algolia/requester-common': 4.13.0
      '@algolia/transporter': 4.13.0
    dev: false

  /@algolia/logger-common/4.13.0:
    resolution: {integrity: sha512-8yqXk7rMtmQJ9wZiHOt/6d4/JDEg5VCk83gJ39I+X/pwUPzIsbKy9QiK4uJ3aJELKyoIiDT1hpYVt+5ia+94IA==}
    dev: false

  /@algolia/logger-console/4.13.0:
    resolution: {integrity: sha512-YepRg7w2/87L0vSXRfMND6VJ5d6699sFJBRWzZPOlek2p5fLxxK7O0VncYuc/IbVHEgeApvgXx0WgCEa38GVuQ==}
    dependencies:
      '@algolia/logger-common': 4.13.0
    dev: false

  /@algolia/requester-browser-xhr/4.13.0:
    resolution: {integrity: sha512-Dj+bnoWR5MotrnjblzGKZ2kCdQi2cK/VzPURPnE616NU/il7Ypy6U6DLGZ/ZYz+tnwPa0yypNf21uqt84fOgrg==}
    dependencies:
      '@algolia/requester-common': 4.13.0
    dev: false

  /@algolia/requester-common/4.13.0:
    resolution: {integrity: sha512-BRTDj53ecK+gn7ugukDWOOcBRul59C4NblCHqj4Zm5msd5UnHFjd/sGX+RLOEoFMhetILAnmg6wMrRrQVac9vw==}
    dev: false

  /@algolia/requester-node-http/4.13.0:
    resolution: {integrity: sha512-9b+3O4QFU4azLhGMrZAr/uZPydvzOR4aEZfSL8ZrpLZ7fbbqTO0S/5EVko+QIgglRAtVwxvf8UJ1wzTD2jvKxQ==}
    dependencies:
      '@algolia/requester-common': 4.13.0
    dev: false

  /@algolia/transporter/4.13.0:
    resolution: {integrity: sha512-8tSQYE+ykQENAdeZdofvtkOr5uJ9VcQSWgRhQ9h01AehtBIPAczk/b2CLrMsw5yQZziLs5cZ3pJ3478yI+urhA==}
    dependencies:
      '@algolia/cache-common': 4.13.0
      '@algolia/logger-common': 4.13.0
      '@algolia/requester-common': 4.13.0
    dev: false

  /@babel/parser/7.17.9:
    resolution: {integrity: sha512-vqUSBLP8dQHFPdPi9bc5GK9vRkYHJ49fsZdtoJ8EQ8ibpwk5rPKfvNIwChB0KVXcIjcepEBBd2VHC5r9Gy8ueg==}
    engines: {node: '>=6.0.0'}
    hasBin: true
    dev: false

  /@docsearch/css/3.0.0:
    resolution: {integrity: sha512-1kkV7tkAsiuEd0shunYRByKJe3xQDG2q7wYg24SOw1nV9/2lwEd4WrUYRJC/ukGTl2/kHeFxsaUvtiOy0y6fFA==}
    dev: false

  /@docsearch/js/3.0.0:
    resolution: {integrity: sha512-j3tUJWlgW3slYqzGB8fm7y05kh2qqrIK1dZOXHeMUm/5gdKE85fiz/ltfCPMDFb/MXF+bLZChJXSMzqY0Ck30Q==}
    dependencies:
      '@docsearch/react': 3.0.0
      preact: 10.7.1
    transitivePeerDependencies:
      - '@algolia/client-search'
      - '@types/react'
      - react
      - react-dom
    dev: false

  /@docsearch/react/3.0.0:
    resolution: {integrity: sha512-yhMacqS6TVQYoBh/o603zszIb5Bl8MIXuOc6Vy617I74pirisDzzcNh0NEaYQt50fVVR3khUbeEhUEWEWipESg==}
    peerDependencies:
      '@types/react': '>= 16.8.0 < 18.0.0'
      react: '>= 16.8.0 < 18.0.0'
      react-dom: '>= 16.8.0 < 18.0.0'
    dependencies:
      '@algolia/autocomplete-core': 1.5.2
      '@algolia/autocomplete-preset-algolia': 1.5.2_algoliasearch@4.13.0
      '@docsearch/css': 3.0.0
      algoliasearch: 4.13.0
    transitivePeerDependencies:
      - '@algolia/client-search'
    dev: false

  /@vitejs/plugin-vue/2.3.1_vite@2.9.5+vue@3.2.33:
    resolution: {integrity: sha512-YNzBt8+jt6bSwpt7LP890U1UcTOIZZxfpE5WOJ638PNxSEKOqAi0+FSKS0nVeukfdZ0Ai/H7AFd6k3hayfGZqQ==}
    engines: {node: '>=12.0.0'}
    peerDependencies:
      vite: ^2.5.10
      vue: ^3.2.25
    dependencies:
      vite: 2.9.5_sass@1.50.1
      vue: 3.2.33
    dev: false

  /@volar/code-gen/0.34.10:
    resolution: {integrity: sha512-Pygl26uA4CuQcDgNndeTSNOYF+NbShcV+rwWRy/nRNv1JB++1EbaQ60/ti8c5zTRoL4a8OtipKMq9Sw8LzpRIw==}
    dependencies:
      '@volar/source-map': 0.34.10
    dev: false

  /@volar/source-map/0.34.10:
    resolution: {integrity: sha512-DBSUGNJB2B08U6Ut14ZJSEOcBS7eV/aiinhoLbMrEe/HJtZRcnPuyE8f0c2BvmRM2LK8WQx77V54/lw/Ra8WDA==}
    dev: false

  /@volar/vue-code-gen/0.34.10:
    resolution: {integrity: sha512-oK5gat5AHllSMJzY+UMbttJvAjoUGzicXxLHoIwb6DTHpfcf2pADYUndiw5kSYHo+2Xd/+U1c9D8FUOJ+JHAFw==}
    dependencies:
      '@volar/code-gen': 0.34.10
      '@volar/source-map': 0.34.10
      '@vue/compiler-core': 3.2.33
      '@vue/compiler-dom': 3.2.33
      '@vue/shared': 3.2.33
    dev: false

  /@volar/vue-typescript/0.34.10:
    resolution: {integrity: sha512-FCGSqLC+T/AcBUFXoFniPKLa/fLslBuHsepUmId8dG5ROXZhQaJ5h4fkA87247SWb7z4o9mI6v86xevXEjRVKw==}
    dependencies:
      '@volar/code-gen': 0.34.10
      '@volar/source-map': 0.34.10
      '@volar/vue-code-gen': 0.34.10
      '@vue/compiler-sfc': 3.2.33
      '@vue/reactivity': 3.2.33
    dev: false

  /@vue/compiler-core/3.2.33:
    resolution: {integrity: sha512-AAmr52ji3Zhk7IKIuigX2osWWsb2nQE5xsdFYjdnmtQ4gymmqXbjLvkSE174+fF3A3kstYrTgGkqgOEbsdLDpw==}
    dependencies:
      '@babel/parser': 7.17.9
      '@vue/shared': 3.2.33
      estree-walker: 2.0.2
      source-map: 0.6.1
    dev: false

  /@vue/compiler-dom/3.2.33:
    resolution: {integrity: sha512-GhiG1C8X98Xz9QUX/RlA6/kgPBWJkjq0Rq6//5XTAGSYrTMBgcLpP9+CnlUg1TFxnnCVughAG+KZl28XJqw8uQ==}
    dependencies:
      '@vue/compiler-core': 3.2.33
      '@vue/shared': 3.2.33
    dev: false

  /@vue/compiler-sfc/3.2.33:
    resolution: {integrity: sha512-H8D0WqagCr295pQjUYyO8P3IejM3vEzeCO1apzByAEaAR/WimhMYczHfZVvlCE/9yBaEu/eu9RdiWr0kF8b71Q==}
    dependencies:
      '@babel/parser': 7.17.9
      '@vue/compiler-core': 3.2.33
      '@vue/compiler-dom': 3.2.33
      '@vue/compiler-ssr': 3.2.33
      '@vue/reactivity-transform': 3.2.33
      '@vue/shared': 3.2.33
      estree-walker: 2.0.2
      magic-string: 0.25.9
      postcss: 8.4.12
      source-map: 0.6.1
    dev: false

  /@vue/compiler-ssr/3.2.33:
    resolution: {integrity: sha512-XQh1Xdk3VquDpXsnoCd7JnMoWec9CfAzQDQsaMcSU79OrrO2PNR0ErlIjm/mGq3GmBfkQjzZACV+7GhfRB8xMQ==}
    dependencies:
      '@vue/compiler-dom': 3.2.33
      '@vue/shared': 3.2.33
    dev: false

  /@vue/reactivity-transform/3.2.33:
    resolution: {integrity: sha512-4UL5KOIvSQb254aqenW4q34qMXbfZcmEsV/yVidLUgvwYQQ/D21bGX3DlgPUGI3c4C+iOnNmDCkIxkILoX/Pyw==}
    dependencies:
      '@babel/parser': 7.17.9
      '@vue/compiler-core': 3.2.33
      '@vue/shared': 3.2.33
      estree-walker: 2.0.2
      magic-string: 0.25.9
    dev: false

  /@vue/reactivity/3.2.33:
    resolution: {integrity: sha512-62Sq0mp9/0bLmDuxuLD5CIaMG2susFAGARLuZ/5jkU1FCf9EDbwUuF+BO8Ub3Rbodx0ziIecM/NsmyjardBxfQ==}
    dependencies:
      '@vue/shared': 3.2.33
    dev: false

  /@vue/runtime-core/3.2.33:
    resolution: {integrity: sha512-N2D2vfaXsBPhzCV3JsXQa2NECjxP3eXgZlFqKh4tgakp3iX6LCGv76DLlc+IfFZq+TW10Y8QUfeihXOupJ1dGw==}
    dependencies:
      '@vue/reactivity': 3.2.33
      '@vue/shared': 3.2.33
    dev: false

  /@vue/runtime-dom/3.2.33:
    resolution: {integrity: sha512-LSrJ6W7CZTSUygX5s8aFkraDWlO6K4geOwA3quFF2O+hC3QuAMZt/0Xb7JKE3C4JD4pFwCSO7oCrZmZ0BIJUnw==}
    dependencies:
      '@vue/runtime-core': 3.2.33
      '@vue/shared': 3.2.33
      csstype: 2.6.20
    dev: false

  /@vue/server-renderer/3.2.33_vue@3.2.33:
    resolution: {integrity: sha512-4jpJHRD4ORv8PlbYi+/MfP8ec1okz6rybe36MdpkDrGIdEItHEUyaHSKvz+ptNEyQpALmmVfRteHkU9F8vxOew==}
    peerDependencies:
      vue: 3.2.33
    dependencies:
      '@vue/compiler-ssr': 3.2.33
      '@vue/shared': 3.2.33
      vue: 3.2.33
    dev: false

  /@vue/shared/3.2.33:
    resolution: {integrity: sha512-UBc1Pg1T3yZ97vsA2ueER0F6GbJebLHYlEi4ou1H5YL4KWvMOOWwpYo9/QpWq93wxKG6Wo13IY74Hcn/f7c7Bg==}
    dev: false

  /algoliasearch/4.13.0:
    resolution: {integrity: sha512-oHv4faI1Vl2s+YC0YquwkK/TsaJs79g2JFg5FDm2rKN12VItPTAeQ7hyJMHarOPPYuCnNC5kixbtcqvb21wchw==}
    dependencies:
      '@algolia/cache-browser-local-storage': 4.13.0
      '@algolia/cache-common': 4.13.0
      '@algolia/cache-in-memory': 4.13.0
      '@algolia/client-account': 4.13.0
      '@algolia/client-analytics': 4.13.0
      '@algolia/client-common': 4.13.0
      '@algolia/client-personalization': 4.13.0
      '@algolia/client-search': 4.13.0
      '@algolia/logger-common': 4.13.0
      '@algolia/logger-console': 4.13.0
      '@algolia/requester-browser-xhr': 4.13.0
      '@algolia/requester-common': 4.13.0
      '@algolia/requester-node-http': 4.13.0
      '@algolia/transporter': 4.13.0
    dev: false

  /anymatch/3.1.2:
    resolution: {integrity: sha512-P43ePfOAIupkguHUycrc4qJ9kz8ZiuOUijaETwX7THt0Y/GNK7v0aa8rY816xWjZ7rJdA5XdMcpVFTKMq+RvWg==}
    engines: {node: '>= 8'}
    dependencies:
      normalize-path: 3.0.0
      picomatch: 2.3.1
    dev: false

  /binary-extensions/2.2.0:
    resolution: {integrity: sha512-jDctJ/IVQbZoJykoeHbhXpOlNBqGNcwXJKJog42E5HDPUwQTSdjCHdihjj0DlnheQ7blbT6dHOafNAiS8ooQKA==}
    engines: {node: '>=8'}
    dev: false

  /braces/3.0.2:
    resolution: {integrity: sha512-b8um+L1RzM3WDSzvhm6gIz1yfTbBt6YTlcEKAvsmqCZZFw46z626lVj9j1yEPW33H5H+lBQpZMP1k8l+78Ha0A==}
    engines: {node: '>=8'}
    dependencies:
      fill-range: 7.0.1
    dev: false

  /chokidar/3.5.3:
    resolution: {integrity: sha512-Dr3sfKRP6oTcjf2JmUmFJfeVMvXBdegxB0iVQ5eb2V10uFJUCAS8OByZdVAyVb8xXNz3GjjTgj9kLWsZTqE6kw==}
    engines: {node: '>= 8.10.0'}
    dependencies:
      anymatch: 3.1.2
      braces: 3.0.2
      glob-parent: 5.1.2
      is-binary-path: 2.1.0
      is-glob: 4.0.3
      normalize-path: 3.0.0
      readdirp: 3.6.0
    optionalDependencies:
      fsevents: 2.3.2
    dev: false

  /csstype/2.6.20:
    resolution: {integrity: sha512-/WwNkdXfckNgw6S5R125rrW8ez139lBHWouiBvX8dfMFtcn6V81REDqnH7+CRpRipfYlyU1CmOnOxrmGcFOjeA==}
    dev: false

  /esbuild-android-64/0.14.38:
    resolution: {integrity: sha512-aRFxR3scRKkbmNuGAK+Gee3+yFxkTJO/cx83Dkyzo4CnQl/2zVSurtG6+G86EQIZ+w+VYngVyK7P3HyTBKu3nw==}
    engines: {node: '>=12'}
    cpu: [x64]
    os: [android]
    requiresBuild: true
    dev: false
    optional: true

  /esbuild-android-arm64/0.14.38:
    resolution: {integrity: sha512-L2NgQRWuHFI89IIZIlpAcINy9FvBk6xFVZ7xGdOwIm8VyhX1vNCEqUJO3DPSSy945Gzdg98cxtNt8Grv1CsyhA==}
    engines: {node: '>=12'}
    cpu: [arm64]
    os: [android]
    requiresBuild: true
    dev: false
    optional: true

  /esbuild-darwin-64/0.14.38:
    resolution: {integrity: sha512-5JJvgXkX87Pd1Og0u/NJuO7TSqAikAcQQ74gyJ87bqWRVeouky84ICoV4sN6VV53aTW+NE87qLdGY4QA2S7KNA==}
    engines: {node: '>=12'}
    cpu: [x64]
    os: [darwin]
    requiresBuild: true
    dev: false
    optional: true

  /esbuild-darwin-arm64/0.14.38:
    resolution: {integrity: sha512-eqF+OejMI3mC5Dlo9Kdq/Ilbki9sQBw3QlHW3wjLmsLh+quNfHmGMp3Ly1eWm981iGBMdbtSS9+LRvR2T8B3eQ==}
    engines: {node: '>=12'}
    cpu: [arm64]
    os: [darwin]
    requiresBuild: true
    dev: false
    optional: true

  /esbuild-freebsd-64/0.14.38:
    resolution: {integrity: sha512-epnPbhZUt93xV5cgeY36ZxPXDsQeO55DppzsIgWM8vgiG/Rz+qYDLmh5ts3e+Ln1wA9dQ+nZmVHw+RjaW3I5Ig==}
    engines: {node: '>=12'}
    cpu: [x64]
    os: [freebsd]
    requiresBuild: true
    dev: false
    optional: true

  /esbuild-freebsd-arm64/0.14.38:
    resolution: {integrity: sha512-/9icXUYJWherhk+y5fjPI5yNUdFPtXHQlwP7/K/zg8t8lQdHVj20SqU9/udQmeUo5pDFHMYzcEFfJqgOVeKNNQ==}
    engines: {node: '>=12'}
    cpu: [arm64]
    os: [freebsd]
    requiresBuild: true
    dev: false
    optional: true

  /esbuild-linux-32/0.14.38:
    resolution: {integrity: sha512-QfgfeNHRFvr2XeHFzP8kOZVnal3QvST3A0cgq32ZrHjSMFTdgXhMhmWdKzRXP/PKcfv3e2OW9tT9PpcjNvaq6g==}
    engines: {node: '>=12'}
    cpu: [ia32]
    os: [linux]
    requiresBuild: true
    dev: false
    optional: true

  /esbuild-linux-64/0.14.38:
    resolution: {integrity: sha512-uuZHNmqcs+Bj1qiW9k/HZU3FtIHmYiuxZ/6Aa+/KHb/pFKr7R3aVqvxlAudYI9Fw3St0VCPfv7QBpUITSmBR1Q==}
    engines: {node: '>=12'}
    cpu: [x64]
    os: [linux]
    requiresBuild: true
    dev: false
    optional: true

  /esbuild-linux-arm/0.14.38:
    resolution: {integrity: sha512-FiFvQe8J3VKTDXG01JbvoVRXQ0x6UZwyrU4IaLBZeq39Bsbatd94Fuc3F1RGqPF5RbIWW7RvkVQjn79ejzysnA==}
    engines: {node: '>=12'}
    cpu: [arm]
    os: [linux]
    requiresBuild: true
    dev: false
    optional: true

  /esbuild-linux-arm64/0.14.38:
    resolution: {integrity: sha512-HlMGZTEsBrXrivr64eZ/EO0NQM8H8DuSENRok9d+Jtvq8hOLzrxfsAT9U94K3KOGk2XgCmkaI2KD8hX7F97lvA==}
    engines: {node: '>=12'}
    cpu: [arm64]
    os: [linux]
    requiresBuild: true
    dev: false
    optional: true

  /esbuild-linux-mips64le/0.14.38:
    resolution: {integrity: sha512-qd1dLf2v7QBiI5wwfil9j0HG/5YMFBAmMVmdeokbNAMbcg49p25t6IlJFXAeLzogv1AvgaXRXvgFNhScYEUXGQ==}
    engines: {node: '>=12'}
    cpu: [mips64el]
    os: [linux]
    requiresBuild: true
    dev: false
    optional: true

  /esbuild-linux-ppc64le/0.14.38:
    resolution: {integrity: sha512-mnbEm7o69gTl60jSuK+nn+pRsRHGtDPfzhrqEUXyCl7CTOCLtWN2bhK8bgsdp6J/2NyS/wHBjs1x8aBWwP2X9Q==}
    engines: {node: '>=12'}
    cpu: [ppc64]
    os: [linux]
    requiresBuild: true
    dev: false
    optional: true

  /esbuild-linux-riscv64/0.14.38:
    resolution: {integrity: sha512-+p6YKYbuV72uikChRk14FSyNJZ4WfYkffj6Af0/Tw63/6TJX6TnIKE+6D3xtEc7DeDth1fjUOEqm+ApKFXbbVQ==}
    engines: {node: '>=12'}
    cpu: [riscv64]
    os: [linux]
    requiresBuild: true
    dev: false
    optional: true

  /esbuild-linux-s390x/0.14.38:
    resolution: {integrity: sha512-0zUsiDkGJiMHxBQ7JDU8jbaanUY975CdOW1YDrurjrM0vWHfjv9tLQsW9GSyEb/heSK1L5gaweRjzfUVBFoybQ==}
    engines: {node: '>=12'}
    cpu: [s390x]
    os: [linux]
    requiresBuild: true
    dev: false
    optional: true

  /esbuild-netbsd-64/0.14.38:
    resolution: {integrity: sha512-cljBAApVwkpnJZfnRVThpRBGzCi+a+V9Ofb1fVkKhtrPLDYlHLrSYGtmnoTVWDQdU516qYI8+wOgcGZ4XIZh0Q==}
    engines: {node: '>=12'}
    cpu: [x64]
    os: [netbsd]
    requiresBuild: true
    dev: false
    optional: true

  /esbuild-openbsd-64/0.14.38:
    resolution: {integrity: sha512-CDswYr2PWPGEPpLDUO50mL3WO/07EMjnZDNKpmaxUPsrW+kVM3LoAqr/CE8UbzugpEiflYqJsGPLirThRB18IQ==}
    engines: {node: '>=12'}
    cpu: [x64]
    os: [openbsd]
    requiresBuild: true
    dev: false
    optional: true

  /esbuild-sunos-64/0.14.38:
    resolution: {integrity: sha512-2mfIoYW58gKcC3bck0j7lD3RZkqYA7MmujFYmSn9l6TiIcAMpuEvqksO+ntBgbLep/eyjpgdplF7b+4T9VJGOA==}
    engines: {node: '>=12'}
    cpu: [x64]
    os: [sunos]
    requiresBuild: true
    dev: false
    optional: true

  /esbuild-windows-32/0.14.38:
    resolution: {integrity: sha512-L2BmEeFZATAvU+FJzJiRLFUP+d9RHN+QXpgaOrs2klshoAm1AE6Us4X6fS9k33Uy5SzScn2TpcgecbqJza1Hjw==}
    engines: {node: '>=12'}
    cpu: [ia32]
    os: [win32]
    requiresBuild: true
    dev: false
    optional: true

  /esbuild-windows-64/0.14.38:
    resolution: {integrity: sha512-Khy4wVmebnzue8aeSXLC+6clo/hRYeNIm0DyikoEqX+3w3rcvrhzpoix0S+MF9vzh6JFskkIGD7Zx47ODJNyCw==}
    engines: {node: '>=12'}
    cpu: [x64]
    os: [win32]
    requiresBuild: true
    dev: false
    optional: true

  /esbuild-windows-arm64/0.14.38:
    resolution: {integrity: sha512-k3FGCNmHBkqdJXuJszdWciAH77PukEyDsdIryEHn9cKLQFxzhT39dSumeTuggaQcXY57UlmLGIkklWZo2qzHpw==}
    engines: {node: '>=12'}
    cpu: [arm64]
    os: [win32]
    requiresBuild: true
    dev: false
    optional: true

  /esbuild/0.14.38:
    resolution: {integrity: sha512-12fzJ0fsm7gVZX1YQ1InkOE5f9Tl7cgf6JPYXRJtPIoE0zkWAbHdPHVPPaLi9tYAcEBqheGzqLn/3RdTOyBfcA==}
    engines: {node: '>=12'}
    hasBin: true
    requiresBuild: true
    optionalDependencies:
      esbuild-android-64: 0.14.38
      esbuild-android-arm64: 0.14.38
      esbuild-darwin-64: 0.14.38
      esbuild-darwin-arm64: 0.14.38
      esbuild-freebsd-64: 0.14.38
      esbuild-freebsd-arm64: 0.14.38
      esbuild-linux-32: 0.14.38
      esbuild-linux-64: 0.14.38
      esbuild-linux-arm: 0.14.38
      esbuild-linux-arm64: 0.14.38
      esbuild-linux-mips64le: 0.14.38
      esbuild-linux-ppc64le: 0.14.38
      esbuild-linux-riscv64: 0.14.38
      esbuild-linux-s390x: 0.14.38
      esbuild-netbsd-64: 0.14.38
      esbuild-openbsd-64: 0.14.38
      esbuild-sunos-64: 0.14.38
      esbuild-windows-32: 0.14.38
      esbuild-windows-64: 0.14.38
      esbuild-windows-arm64: 0.14.38
    dev: false

  /estree-walker/2.0.2:
    resolution: {integrity: sha512-Rfkk/Mp/DL7JVje3u18FxFujQlTNR2q6QfMSMB7AvCBx91NGj/ba3kCfza0f6dVDbw7YlRf/nDrn7pQrCCyQ/w==}
    dev: false

  /fill-range/7.0.1:
    resolution: {integrity: sha512-qOo9F+dMUmC2Lcb4BbVvnKJxTPjCm+RRpe4gDuGrzkL7mEVl/djYSu2OdQ2Pa302N4oqkSg9ir6jaLWJ2USVpQ==}
    engines: {node: '>=8'}
    dependencies:
      to-regex-range: 5.0.1
    dev: false

  /fsevents/2.3.2:
    resolution: {integrity: sha512-xiqMQR4xAeHTuB9uWm+fFRcIOgKBMiOBP+eXiyT7jsgVCq1bkVygt00oASowB7EdtpOHaaPgKt812P9ab+DDKA==}
    engines: {node: ^8.16.0 || ^10.6.0 || >=11.0.0}
    os: [darwin]
    requiresBuild: true
    dev: false
    optional: true

  /function-bind/1.1.1:
    resolution: {integrity: sha512-yIovAzMX49sF8Yl58fSCWJ5svSLuaibPxXQJFLmBObTuCr0Mf1KiPopGM9NiFjiYBCbfaa2Fh6breQ6ANVTI0A==}
    dev: false

  /glob-parent/5.1.2:
    resolution: {integrity: sha512-AOIgSQCepiJYwP3ARnGx+5VnTu2HBYdzbGP45eLw1vr3zB3vZLeyed1sC9hnbcOc9/SrMyM5RPQrkGz4aS9Zow==}
    engines: {node: '>= 6'}
    dependencies:
      is-glob: 4.0.3
    dev: false

  /has/1.0.3:
    resolution: {integrity: sha512-f2dvO0VU6Oej7RkWJGrehjbzMAjFp5/VKPp5tTpWIV4JHHZK1/BxbFRtf/siA2SWTe09caDmVtYYzWEIbBS4zw==}
    engines: {node: '>= 0.4.0'}
    dependencies:
      function-bind: 1.1.1
    dev: false

  /immutable/4.0.0:
    resolution: {integrity: sha512-zIE9hX70qew5qTUjSS7wi1iwj/l7+m54KWU247nhM3v806UdGj1yDndXj+IOYxxtW9zyLI+xqFNZjTuDaLUqFw==}
    dev: false

  /is-binary-path/2.1.0:
    resolution: {integrity: sha512-ZMERYes6pDydyuGidse7OsHxtbI7WVeUEozgR/g7rd0xUimYNlvZRE/K2MgZTjWy725IfelLeVcEM97mmtRGXw==}
    engines: {node: '>=8'}
    dependencies:
      binary-extensions: 2.2.0
    dev: false

  /is-core-module/2.9.0:
    resolution: {integrity: sha512-+5FPy5PnwmO3lvfMb0AsoPaBG+5KHUI0wYFXOtYPnVVVspTFUuMZNfNaNVRt3FZadstu2c8x23vykRW/NBoU6A==}
    dependencies:
      has: 1.0.3
    dev: false

  /is-extglob/2.1.1:
    resolution: {integrity: sha1-qIwCU1eR8C7TfHahueqXc8gz+MI=}
    engines: {node: '>=0.10.0'}
    dev: false

  /is-glob/4.0.3:
    resolution: {integrity: sha512-xelSayHH36ZgE7ZWhli7pW34hNbNl8Ojv5KVmkJD4hBdD3th8Tfk9vYasLM+mXWOZhFkgZfxhLSnrwRr4elSSg==}
    engines: {node: '>=0.10.0'}
    dependencies:
      is-extglob: 2.1.1
    dev: false

  /is-number/7.0.0:
    resolution: {integrity: sha512-41Cifkg6e8TylSpdtTpeLVMqvSBEVzTttHvERD741+pnZ8ANv0004MRL43QKPDlK9cGvNp6NZWZUBlbGXYxxng==}
    engines: {node: '>=0.12.0'}
    dev: false

  /magic-string/0.25.9:
    resolution: {integrity: sha512-RmF0AsMzgt25qzqqLc1+MbHmhdx0ojF2Fvs4XnOqz2ZOBXzzkEwc/dJQZCYHAn7v1jbVOjAZfK8msRn4BxO4VQ==}
    dependencies:
      sourcemap-codec: 1.4.8
    dev: false

  /nanoid/3.3.3:
    resolution: {integrity: sha512-p1sjXuopFs0xg+fPASzQ28agW1oHD7xDsd9Xkf3T15H3c/cifrFHVwrh74PdoklAPi+i7MdRsE47vm2r6JoB+w==}
    engines: {node: ^10 || ^12 || ^13.7 || ^14 || >=15.0.1}
    hasBin: true
    dev: false

  /normalize-path/3.0.0:
    resolution: {integrity: sha512-6eZs5Ls3WtCisHWp9S2GUy8dqkpGi4BVSz3GaqiE6ezub0512ESztXUwUB6C6IKbQkY2Pnb/mD4WYojCRwcwLA==}
    engines: {node: '>=0.10.0'}
    dev: false

  /path-parse/1.0.7:
    resolution: {integrity: sha512-LDJzPVEEEPR+y48z93A0Ed0yXb8pAByGWo/k5YYdYgpY2/2EsOsksJrq7lOHxryrVOn1ejG6oAp8ahvOIQD8sw==}
    dev: false

  /picocolors/1.0.0:
    resolution: {integrity: sha512-1fygroTLlHu66zi26VoTDv8yRgm0Fccecssto+MhsZ0D/DGW2sm8E8AjW7NU5VVTRt5GxbeZ5qBuJr+HyLYkjQ==}
    dev: false

  /picomatch/2.3.1:
    resolution: {integrity: sha512-JU3teHTNjmE2VCGFzuY8EXzCDVwEqB2a8fsIvwaStHhAWJEeVd1o1QD80CU6+ZdEXXSLbSsuLwJjkCBWqRQUVA==}
    engines: {node: '>=8.6'}
    dev: false

  /postcss/8.4.12:
    resolution: {integrity: sha512-lg6eITwYe9v6Hr5CncVbK70SoioNQIq81nsaG86ev5hAidQvmOeETBqs7jm43K2F5/Ley3ytDtriImV6TpNiSg==}
    engines: {node: ^10 || ^12 || >=14}
    dependencies:
      nanoid: 3.3.3
      picocolors: 1.0.0
      source-map-js: 1.0.2
    dev: false

  /preact/10.7.1:
    resolution: {integrity: sha512-MufnRFz39aIhs9AMFisonjzTud1PK1bY+jcJLo6m2T9Uh8AqjD77w11eAAawmjUogoGOnipECq7e/1RClIKsxg==}
    dev: false

  /prismjs/1.28.0:
    resolution: {integrity: sha512-8aaXdYvl1F7iC7Xm1spqSaY/OJBpYW3v+KJ+F17iYxvdc8sfjW194COK5wVhMZX45tGteiBQgdvD/nhxcRwylw==}
    engines: {node: '>=6'}
    dev: false

  /readdirp/3.6.0:
    resolution: {integrity: sha512-hOS089on8RduqdbhvQ5Z37A0ESjsqz6qnRcffsMU3495FuTdqSm+7bhJ29JvIOsBDEEnan5DPu9t3To9VRlMzA==}
    engines: {node: '>=8.10.0'}
    dependencies:
      picomatch: 2.3.1
    dev: false

  /resolve/1.22.0:
    resolution: {integrity: sha512-Hhtrw0nLeSrFQ7phPp4OOcVjLPIeMnRlr5mcnVuMe7M/7eBn98A3hmFRLoFo3DLZkivSYwhRUJTyPyWAk56WLw==}
    hasBin: true
    dependencies:
      is-core-module: 2.9.0
      path-parse: 1.0.7
      supports-preserve-symlinks-flag: 1.0.0
    dev: false

  /rollup/2.70.2:
    resolution: {integrity: sha512-EitogNZnfku65I1DD5Mxe8JYRUCy0hkK5X84IlDtUs+O6JRMpRciXTzyCUuX11b5L5pvjH+OmFXiQ3XjabcXgg==}
    engines: {node: '>=10.0.0'}
    hasBin: true
    optionalDependencies:
      fsevents: 2.3.2
    dev: false

  /sass/1.50.1:
    resolution: {integrity: sha512-noTnY41KnlW2A9P8sdwESpDmo+KBNkukI1i8+hOK3footBUcohNHtdOJbckp46XO95nuvcHDDZ+4tmOnpK3hjw==}
    engines: {node: '>=12.0.0'}
    hasBin: true
    dependencies:
      chokidar: 3.5.3
      immutable: 4.0.0
      source-map-js: 1.0.2
    dev: false

  /source-map-js/1.0.2:
    resolution: {integrity: sha512-R0XvVJ9WusLiqTCEiGCmICCMplcCkIwwR11mOSD9CR5u+IXYdiseeEuXCVAjS54zqwkLcPNnmU4OeJ6tUrWhDw==}
    engines: {node: '>=0.10.0'}
    dev: false

  /source-map/0.6.1:
    resolution: {integrity: sha512-UjgapumWlbMhkBgzT7Ykc5YXUT46F0iKu8SGXq0bcwP5dz/h0Plj6enJqjz1Zbq2l5WaqYnrVbwWOWMyF3F47g==}
    engines: {node: '>=0.10.0'}
    dev: false

  /sourcemap-codec/1.4.8:
    resolution: {integrity: sha512-9NykojV5Uih4lgo5So5dtw+f0JgJX30KCNI8gwhz2J9A15wD0Ml6tjHKwf6fTSa6fAdVBdZeNOs9eJ71qCk8vA==}
    dev: false

  /supports-preserve-symlinks-flag/1.0.0:
    resolution: {integrity: sha512-ot0WnXS9fgdkgIcePe6RHNk1WA8+muPa6cSjeR3V8K27q9BB1rTE3R1p7Hv0z1ZyAc8s6Vvv8DIyWf681MAt0w==}
    engines: {node: '>= 0.4'}
    dev: false

  /to-regex-range/5.0.1:
    resolution: {integrity: sha512-65P7iz6X5yEr1cwcgvQxbbIw7Uk3gOy5dIdtZ4rDveLqhrdJP+Li/Hx6tyK0NEb+2GCyneCMJiGqrADCSNk8sQ==}
    engines: {node: '>=8.0'}
    dependencies:
      is-number: 7.0.0
    dev: false

  /typescript/4.6.3:
    resolution: {integrity: sha512-yNIatDa5iaofVozS/uQJEl3JRWLKKGJKh6Yaiv0GLGSuhpFJe7P3SbHZ8/yjAHRQwKRoA6YZqlfjXWmVzoVSMw==}
    engines: {node: '>=4.2.0'}
    hasBin: true
    dev: false

  /vite/2.9.5_sass@1.50.1:
    resolution: {integrity: sha512-dvMN64X2YEQgSXF1lYabKXw3BbN6e+BL67+P3Vy4MacnY+UzT1AfkHiioFSi9+uiDUiaDy7Ax/LQqivk6orilg==}
    engines: {node: '>=12.2.0'}
    hasBin: true
    peerDependencies:
      less: '*'
      sass: '*'
      stylus: '*'
    peerDependenciesMeta:
      less:
        optional: true
      sass:
        optional: true
      stylus:
        optional: true
    dependencies:
      esbuild: 0.14.38
      postcss: 8.4.12
      resolve: 1.22.0
      rollup: 2.70.2
      sass: 1.50.1
    optionalDependencies:
      fsevents: 2.3.2
    dev: false

  /vitepress/0.22.3_sass@1.50.1:
    resolution: {integrity: sha512-Yfvu/rent2vp/TXIDZMutS6ft2TJPn4xngS48PYFWDEbuFI2ccUAXM481lF1qVVnCKxfh4g8e/KPvevSJdg1Bw==}
    engines: {node: '>=14.0.0'}
    hasBin: true
    dependencies:
      '@docsearch/css': 3.0.0
      '@docsearch/js': 3.0.0
      '@vitejs/plugin-vue': 2.3.1_vite@2.9.5+vue@3.2.33
      prismjs: 1.28.0
      vite: 2.9.5_sass@1.50.1
      vue: 3.2.33
    transitivePeerDependencies:
      - '@algolia/client-search'
      - '@types/react'
      - less
      - react
      - react-dom
      - sass
      - stylus
    dev: false

  /vue-tsc/0.34.10_typescript@4.6.3:
    resolution: {integrity: sha512-rWU4SjDqk9ylQN2hbnyP+rEu8W2a712DWUmciX6rDnId1m8sN/cuypTKjWjHHjaBLWNKULoEakRTOvrQ4ainhw==}
    hasBin: true
    peerDependencies:
      typescript: '*'
    dependencies:
      '@volar/vue-typescript': 0.34.10
      typescript: 4.6.3
    dev: false

  /vue/3.2.33:
    resolution: {integrity: sha512-si1ExAlDUrLSIg/V7D/GgA4twJwfsfgG+t9w10z38HhL/HA07132pUQ2KuwAo8qbCyMJ9e6OqrmWrOCr+jW7ZQ==}
    dependencies:
      '@vue/compiler-dom': 3.2.33
      '@vue/compiler-sfc': 3.2.33
      '@vue/runtime-dom': 3.2.33
      '@vue/server-renderer': 3.2.33_vue@3.2.33
      '@vue/shared': 3.2.33
    dev: false
